// !$*UTF8*$!
{
	archiveVersion = 1;
	classes = {
	};
	objectVersion = 55;
	objects = {

/* Begin PBXBuildFile section */
		1D55959B07C78D4BE4EBBE0A /* Pods_ListMovie.framework in Frameworks */ = {isa = PBXBuildFile; fileRef = 8F1CE9E3C2F0B68E07E56958 /* Pods_ListMovie.framework */; };
		2457E9A0288FBE9A001B0909 /* ListMovieApp.swift in Sources */ = {isa = PBXBuildFile; fileRef = 2457E99F288FBE9A001B0909 /* ListMovieApp.swift */; };
		2457E9A4288FBE9A001B0909 /* Assets.xcassets in Resources */ = {isa = PBXBuildFile; fileRef = 2457E9A3288FBE9A001B0909 /* Assets.xcassets */; };
		2457E9A7288FBE9B001B0909 /* Preview Assets.xcassets in Resources */ = {isa = PBXBuildFile; fileRef = 2457E9A6288FBE9B001B0909 /* Preview Assets.xcassets */; };
		2457E9B1288FBE9B001B0909 /* ListMovieTests.swift in Sources */ = {isa = PBXBuildFile; fileRef = 2457E9B0288FBE9B001B0909 /* ListMovieTests.swift */; };
		2457E9BB288FBE9B001B0909 /* ListMovieUITests.swift in Sources */ = {isa = PBXBuildFile; fileRef = 2457E9BA288FBE9B001B0909 /* ListMovieUITests.swift */; };
		2457E9BD288FBE9B001B0909 /* ListMovieUITestsLaunchTests.swift in Sources */ = {isa = PBXBuildFile; fileRef = 2457E9BC288FBE9B001B0909 /* ListMovieUITestsLaunchTests.swift */; };
		2464A4BC28CAE42600B227A6 /* AlamofireHelper.swift in Sources */ = {isa = PBXBuildFile; fileRef = 2464A4BB28CAE42600B227A6 /* AlamofireHelper.swift */; };
		2464A4BF28CB176000B227A6 /* UserDTO.swift in Sources */ = {isa = PBXBuildFile; fileRef = 2464A4BE28CB176000B227A6 /* UserDTO.swift */; };
		246CC47828CF0CF10093E8C5 /* Home.swift in Sources */ = {isa = PBXBuildFile; fileRef = 246CC47728CF0CF10093E8C5 /* Home.swift */; };
		246CC47A28CF137E0093E8C5 /* AuthDTO.swift in Sources */ = {isa = PBXBuildFile; fileRef = 246CC47928CF137E0093E8C5 /* AuthDTO.swift */; };
		2477744428D011CF0096A317 /* AuthRepository.swift in Sources */ = {isa = PBXBuildFile; fileRef = 2477744328D011CF0096A317 /* AuthRepository.swift */; };
		2477744828D014210096A317 /* AuthViewModel.swift in Sources */ = {isa = PBXBuildFile; fileRef = 2477744728D014210096A317 /* AuthViewModel.swift */; };
		2477744A28D014320096A317 /* HomeViewModel.swift in Sources */ = {isa = PBXBuildFile; fileRef = 2477744928D014320096A317 /* HomeViewModel.swift */; };
		24D4A0AC28C9C17A0010C12D /* AuthView.swift in Sources */ = {isa = PBXBuildFile; fileRef = 24D4A0AB28C9C17A0010C12D /* AuthView.swift */; };
		24D4A0AE28C9C33F0010C12D /* MediaItem.swift in Sources */ = {isa = PBXBuildFile; fileRef = 24D4A0AD28C9C33F0010C12D /* MediaItem.swift */; };
		24D4A0B028C9C35E0010C12D /* ApiResult.swift in Sources */ = {isa = PBXBuildFile; fileRef = 24D4A0AF28C9C35E0010C12D /* ApiResult.swift */; };
		24D4A0B228C9C3FC0010C12D /* User.swift in Sources */ = {isa = PBXBuildFile; fileRef = 24D4A0B128C9C3FC0010C12D /* User.swift */; };
		24EA377428B7735A008C9832 /* UIScreen.swift in Sources */ = {isa = PBXBuildFile; fileRef = 24EA377328B7735A008C9832 /* UIScreen.swift */; };
		455AE40ACA5CCA3ACEA532A4 /* Pods_ListMovieTests.framework in Frameworks */ = {isa = PBXBuildFile; fileRef = BB1BA69B2DC4B6238619A7AF /* Pods_ListMovieTests.framework */; };
		737E1B52E3B4A0A92FD36073 /* Pods_ListMovie_ListMovieUITests.framework in Frameworks */ = {isa = PBXBuildFile; fileRef = C96A691F1521CAD40EA4286C /* Pods_ListMovie_ListMovieUITests.framework */; };
/* End PBXBuildFile section */

/* Begin PBXContainerItemProxy section */
		2457E9AD288FBE9B001B0909 /* PBXContainerItemProxy */ = {
			isa = PBXContainerItemProxy;
			containerPortal = 2457E994288FBE99001B0909 /* Project object */;
			proxyType = 1;
			remoteGlobalIDString = 2457E99B288FBE99001B0909;
			remoteInfo = ListMovie;
		};
		2457E9B7288FBE9B001B0909 /* PBXContainerItemProxy */ = {
			isa = PBXContainerItemProxy;
			containerPortal = 2457E994288FBE99001B0909 /* Project object */;
			proxyType = 1;
			remoteGlobalIDString = 2457E99B288FBE99001B0909;
			remoteInfo = ListMovie;
		};
/* End PBXContainerItemProxy section */

/* Begin PBXFileReference section */
		0F20C315B2F1B7B1C70930F2 /* Pods-ListMovie.debug.xcconfig */ = {isa = PBXFileReference; includeInIndex = 1; lastKnownFileType = text.xcconfig; name = "Pods-ListMovie.debug.xcconfig"; path = "Target Support Files/Pods-ListMovie/Pods-ListMovie.debug.xcconfig"; sourceTree = "<group>"; };
		2457E99C288FBE99001B0909 /* ListMovie.app */ = {isa = PBXFileReference; explicitFileType = wrapper.application; includeInIndex = 0; path = ListMovie.app; sourceTree = BUILT_PRODUCTS_DIR; };
		2457E99F288FBE9A001B0909 /* ListMovieApp.swift */ = {isa = PBXFileReference; lastKnownFileType = sourcecode.swift; path = ListMovieApp.swift; sourceTree = "<group>"; };
		2457E9A3288FBE9A001B0909 /* Assets.xcassets */ = {isa = PBXFileReference; lastKnownFileType = folder.assetcatalog; path = Assets.xcassets; sourceTree = "<group>"; };
		2457E9A6288FBE9B001B0909 /* Preview Assets.xcassets */ = {isa = PBXFileReference; lastKnownFileType = folder.assetcatalog; path = "Preview Assets.xcassets"; sourceTree = "<group>"; };
		2457E9AC288FBE9B001B0909 /* ListMovieTests.xctest */ = {isa = PBXFileReference; explicitFileType = wrapper.cfbundle; includeInIndex = 0; path = ListMovieTests.xctest; sourceTree = BUILT_PRODUCTS_DIR; };
		2457E9B0288FBE9B001B0909 /* ListMovieTests.swift */ = {isa = PBXFileReference; lastKnownFileType = sourcecode.swift; path = ListMovieTests.swift; sourceTree = "<group>"; };
		2457E9B6288FBE9B001B0909 /* ListMovieUITests.xctest */ = {isa = PBXFileReference; explicitFileType = wrapper.cfbundle; includeInIndex = 0; path = ListMovieUITests.xctest; sourceTree = BUILT_PRODUCTS_DIR; };
		2457E9BA288FBE9B001B0909 /* ListMovieUITests.swift */ = {isa = PBXFileReference; lastKnownFileType = sourcecode.swift; path = ListMovieUITests.swift; sourceTree = "<group>"; };
		2457E9BC288FBE9B001B0909 /* ListMovieUITestsLaunchTests.swift */ = {isa = PBXFileReference; lastKnownFileType = sourcecode.swift; path = ListMovieUITestsLaunchTests.swift; sourceTree = "<group>"; };
		2464A4BB28CAE42600B227A6 /* AlamofireHelper.swift */ = {isa = PBXFileReference; lastKnownFileType = sourcecode.swift; path = AlamofireHelper.swift; sourceTree = "<group>"; };
		2464A4BE28CB176000B227A6 /* UserDTO.swift */ = {isa = PBXFileReference; lastKnownFileType = sourcecode.swift; path = UserDTO.swift; sourceTree = "<group>"; };
		246CC47728CF0CF10093E8C5 /* Home.swift */ = {isa = PBXFileReference; lastKnownFileType = sourcecode.swift; path = Home.swift; sourceTree = "<group>"; };
		246CC47928CF137E0093E8C5 /* AuthDTO.swift */ = {isa = PBXFileReference; lastKnownFileType = sourcecode.swift; path = AuthDTO.swift; sourceTree = "<group>"; };
		2477744328D011CF0096A317 /* AuthRepository.swift */ = {isa = PBXFileReference; lastKnownFileType = sourcecode.swift; path = AuthRepository.swift; sourceTree = "<group>"; };
		2477744728D014210096A317 /* AuthViewModel.swift */ = {isa = PBXFileReference; lastKnownFileType = sourcecode.swift; path = AuthViewModel.swift; sourceTree = "<group>"; };
		2477744928D014320096A317 /* HomeViewModel.swift */ = {isa = PBXFileReference; lastKnownFileType = sourcecode.swift; path = HomeViewModel.swift; sourceTree = "<group>"; };
		24D4A0AB28C9C17A0010C12D /* AuthView.swift */ = {isa = PBXFileReference; lastKnownFileType = sourcecode.swift; path = AuthView.swift; sourceTree = "<group>"; };
		24D4A0AD28C9C33F0010C12D /* MediaItem.swift */ = {isa = PBXFileReference; lastKnownFileType = sourcecode.swift; path = MediaItem.swift; sourceTree = "<group>"; };
		24D4A0AF28C9C35E0010C12D /* ApiResult.swift */ = {isa = PBXFileReference; lastKnownFileType = sourcecode.swift; path = ApiResult.swift; sourceTree = "<group>"; };
		24D4A0B128C9C3FC0010C12D /* User.swift */ = {isa = PBXFileReference; lastKnownFileType = sourcecode.swift; path = User.swift; sourceTree = "<group>"; };
		24EA377328B7735A008C9832 /* UIScreen.swift */ = {isa = PBXFileReference; lastKnownFileType = sourcecode.swift; path = UIScreen.swift; sourceTree = "<group>"; };
		64EC3982AFFD7DB38DA76A70 /* Pods-ListMovie-ListMovieUITests.debug.xcconfig */ = {isa = PBXFileReference; includeInIndex = 1; lastKnownFileType = text.xcconfig; name = "Pods-ListMovie-ListMovieUITests.debug.xcconfig"; path = "Target Support Files/Pods-ListMovie-ListMovieUITests/Pods-ListMovie-ListMovieUITests.debug.xcconfig"; sourceTree = "<group>"; };
		65AC6A6A5BB310580E420A26 /* Pods-ListMovieTests.debug.xcconfig */ = {isa = PBXFileReference; includeInIndex = 1; lastKnownFileType = text.xcconfig; name = "Pods-ListMovieTests.debug.xcconfig"; path = "Target Support Files/Pods-ListMovieTests/Pods-ListMovieTests.debug.xcconfig"; sourceTree = "<group>"; };
		8F1CE9E3C2F0B68E07E56958 /* Pods_ListMovie.framework */ = {isa = PBXFileReference; explicitFileType = wrapper.framework; includeInIndex = 0; path = Pods_ListMovie.framework; sourceTree = BUILT_PRODUCTS_DIR; };
		A8AA97C4B1029B79552183E3 /* Pods-ListMovieTests.release.xcconfig */ = {isa = PBXFileReference; includeInIndex = 1; lastKnownFileType = text.xcconfig; name = "Pods-ListMovieTests.release.xcconfig"; path = "Target Support Files/Pods-ListMovieTests/Pods-ListMovieTests.release.xcconfig"; sourceTree = "<group>"; };
		AB4DB6023AFD849D5F1F3DE7 /* Pods-ListMovie-ListMovieUITests.release.xcconfig */ = {isa = PBXFileReference; includeInIndex = 1; lastKnownFileType = text.xcconfig; name = "Pods-ListMovie-ListMovieUITests.release.xcconfig"; path = "Target Support Files/Pods-ListMovie-ListMovieUITests/Pods-ListMovie-ListMovieUITests.release.xcconfig"; sourceTree = "<group>"; };
		BB1BA69B2DC4B6238619A7AF /* Pods_ListMovieTests.framework */ = {isa = PBXFileReference; explicitFileType = wrapper.framework; includeInIndex = 0; path = Pods_ListMovieTests.framework; sourceTree = BUILT_PRODUCTS_DIR; };
		C96A691F1521CAD40EA4286C /* Pods_ListMovie_ListMovieUITests.framework */ = {isa = PBXFileReference; explicitFileType = wrapper.framework; includeInIndex = 0; path = Pods_ListMovie_ListMovieUITests.framework; sourceTree = BUILT_PRODUCTS_DIR; };
		CA564B0EEE2A398E51B6E705 /* Pods-ListMovie.release.xcconfig */ = {isa = PBXFileReference; includeInIndex = 1; lastKnownFileType = text.xcconfig; name = "Pods-ListMovie.release.xcconfig"; path = "Target Support Files/Pods-ListMovie/Pods-ListMovie.release.xcconfig"; sourceTree = "<group>"; };
/* End PBXFileReference section */

/* Begin PBXFrameworksBuildPhase section */
		2457E999288FBE99001B0909 /* Frameworks */ = {
			isa = PBXFrameworksBuildPhase;
			buildActionMask = 2147483647;
			files = (
				1D55959B07C78D4BE4EBBE0A /* Pods_ListMovie.framework in Frameworks */,
			);
			runOnlyForDeploymentPostprocessing = 0;
		};
		2457E9A9288FBE9B001B0909 /* Frameworks */ = {
			isa = PBXFrameworksBuildPhase;
			buildActionMask = 2147483647;
			files = (
				455AE40ACA5CCA3ACEA532A4 /* Pods_ListMovieTests.framework in Frameworks */,
			);
			runOnlyForDeploymentPostprocessing = 0;
		};
		2457E9B3288FBE9B001B0909 /* Frameworks */ = {
			isa = PBXFrameworksBuildPhase;
			buildActionMask = 2147483647;
			files = (
				737E1B52E3B4A0A92FD36073 /* Pods_ListMovie_ListMovieUITests.framework in Frameworks */,
			);
			runOnlyForDeploymentPostprocessing = 0;
		};
/* End PBXFrameworksBuildPhase section */

/* Begin PBXGroup section */
		2457E993288FBE99001B0909 = {
			isa = PBXGroup;
			children = (
				2457E99E288FBE99001B0909 /* ListMovie */,
				2457E9AF288FBE9B001B0909 /* ListMovieTests */,
				2457E9B9288FBE9B001B0909 /* ListMovieUITests */,
				2457E99D288FBE99001B0909 /* Products */,
				4A1AC59828E451F00446F687 /* Pods */,
				E4B731B7CE9C0774F7A6EB07 /* Frameworks */,
			);
			sourceTree = "<group>";
		};
		2457E99D288FBE99001B0909 /* Products */ = {
			isa = PBXGroup;
			children = (
				2457E99C288FBE99001B0909 /* ListMovie.app */,
				2457E9AC288FBE9B001B0909 /* ListMovieTests.xctest */,
				2457E9B6288FBE9B001B0909 /* ListMovieUITests.xctest */,
			);
			name = Products;
			sourceTree = "<group>";
		};
		2457E99E288FBE99001B0909 /* ListMovie */ = {
			isa = PBXGroup;
			children = (
				2477744228D011BD0096A317 /* Repository */,
				2464A4BD28CB174900B227A6 /* DTO */,
				245B9BC128B87EB8002C9640 /* AlamofireHelper */,
				24EA376C28B771B0008C9832 /* Utils */,
				2457E9CA288FC268001B0909 /* Models */,
				2457E9C9288FC262001B0909 /* View */,
				2457E99F288FBE9A001B0909 /* ListMovieApp.swift */,
				2457E9A3288FBE9A001B0909 /* Assets.xcassets */,
				2457E9A5288FBE9B001B0909 /* Preview Content */,
			);
			path = ListMovie;
			sourceTree = "<group>";
		};
		2457E9A5288FBE9B001B0909 /* Preview Content */ = {
			isa = PBXGroup;
			children = (
				2457E9A6288FBE9B001B0909 /* Preview Assets.xcassets */,
			);
			path = "Preview Content";
			sourceTree = "<group>";
		};
		2457E9AF288FBE9B001B0909 /* ListMovieTests */ = {
			isa = PBXGroup;
			children = (
				2457E9B0288FBE9B001B0909 /* ListMovieTests.swift */,
			);
			path = ListMovieTests;
			sourceTree = "<group>";
		};
		2457E9B9288FBE9B001B0909 /* ListMovieUITests */ = {
			isa = PBXGroup;
			children = (
				2457E9BA288FBE9B001B0909 /* ListMovieUITests.swift */,
				2457E9BC288FBE9B001B0909 /* ListMovieUITestsLaunchTests.swift */,
			);
			path = ListMovieUITests;
			sourceTree = "<group>";
		};
		2457E9C9288FC262001B0909 /* View */ = {
			isa = PBXGroup;
			children = (
				2477744628D013FB0096A317 /* Home */,
				2477744528D013F30096A317 /* Auth */,
			);
			path = View;
			sourceTree = "<group>";
		};
		2457E9CA288FC268001B0909 /* Models */ = {
			isa = PBXGroup;
			children = (
				24D4A0AD28C9C33F0010C12D /* MediaItem.swift */,
				24D4A0B128C9C3FC0010C12D /* User.swift */,
			);
			path = Models;
			sourceTree = "<group>";
		};
		245B9BC128B87EB8002C9640 /* AlamofireHelper */ = {
			isa = PBXGroup;
			children = (
				2464A4BB28CAE42600B227A6 /* AlamofireHelper.swift */,
			);
			path = AlamofireHelper;
			sourceTree = "<group>";
		};
		2464A4BD28CB174900B227A6 /* DTO */ = {
			isa = PBXGroup;
			children = (
				24D4A0AF28C9C35E0010C12D /* ApiResult.swift */,
				2464A4BE28CB176000B227A6 /* UserDTO.swift */,
				246CC47928CF137E0093E8C5 /* AuthDTO.swift */,
			);
			path = DTO;
			sourceTree = "<group>";
		};
		2477744228D011BD0096A317 /* Repository */ = {
			isa = PBXGroup;
			children = (
				2477744328D011CF0096A317 /* AuthRepository.swift */,
			);
			path = Repository;
			sourceTree = "<group>";
		};
		2477744528D013F30096A317 /* Auth */ = {
			isa = PBXGroup;
			children = (
				24D4A0AB28C9C17A0010C12D /* AuthView.swift */,
				2477744728D014210096A317 /* AuthViewModel.swift */,
			);
			path = Auth;
			sourceTree = "<group>";
		};
		2477744628D013FB0096A317 /* Home */ = {
			isa = PBXGroup;
			children = (
				246CC47728CF0CF10093E8C5 /* Home.swift */,
				2477744928D014320096A317 /* HomeViewModel.swift */,
			);
			path = Home;
			sourceTree = "<group>";
		};
		24EA376C28B771B0008C9832 /* Utils */ = {
			isa = PBXGroup;
			children = (
				24EA377328B7735A008C9832 /* UIScreen.swift */,
			);
			path = Utils;
			sourceTree = "<group>";
		};
		4A1AC59828E451F00446F687 /* Pods */ = {
			isa = PBXGroup;
			children = (
				0F20C315B2F1B7B1C70930F2 /* Pods-ListMovie.debug.xcconfig */,
				CA564B0EEE2A398E51B6E705 /* Pods-ListMovie.release.xcconfig */,
				64EC3982AFFD7DB38DA76A70 /* Pods-ListMovie-ListMovieUITests.debug.xcconfig */,
				AB4DB6023AFD849D5F1F3DE7 /* Pods-ListMovie-ListMovieUITests.release.xcconfig */,
				65AC6A6A5BB310580E420A26 /* Pods-ListMovieTests.debug.xcconfig */,
				A8AA97C4B1029B79552183E3 /* Pods-ListMovieTests.release.xcconfig */,
			);
			path = Pods;
			sourceTree = "<group>";
		};
		E4B731B7CE9C0774F7A6EB07 /* Frameworks */ = {
			isa = PBXGroup;
			children = (
				8F1CE9E3C2F0B68E07E56958 /* Pods_ListMovie.framework */,
				C96A691F1521CAD40EA4286C /* Pods_ListMovie_ListMovieUITests.framework */,
				BB1BA69B2DC4B6238619A7AF /* Pods_ListMovieTests.framework */,
			);
			name = Frameworks;
			sourceTree = "<group>";
		};
/* End PBXGroup section */

/* Begin PBXNativeTarget section */
		2457E99B288FBE99001B0909 /* ListMovie */ = {
			isa = PBXNativeTarget;
			buildConfigurationList = 2457E9C0288FBE9B001B0909 /* Build configuration list for PBXNativeTarget "ListMovie" */;
			buildPhases = (
				AC9F9FD9ADEAEFE05780CFA0 /* [CP] Check Pods Manifest.lock */,
				2457E998288FBE99001B0909 /* Sources */,
				2457E999288FBE99001B0909 /* Frameworks */,
				2457E99A288FBE99001B0909 /* Resources */,
				3A53F3A032D6800E670EA4B4 /* [CP] Embed Pods Frameworks */,
			);
			buildRules = (
			);
			dependencies = (
			);
			name = ListMovie;
			productName = ListMovie;
			productReference = 2457E99C288FBE99001B0909 /* ListMovie.app */;
			productType = "com.apple.product-type.application";
		};
		2457E9AB288FBE9B001B0909 /* ListMovieTests */ = {
			isa = PBXNativeTarget;
			buildConfigurationList = 2457E9C3288FBE9B001B0909 /* Build configuration list for PBXNativeTarget "ListMovieTests" */;
			buildPhases = (
				A6F5E1841572C4AB3F83629F /* [CP] Check Pods Manifest.lock */,
				2457E9A8288FBE9B001B0909 /* Sources */,
				2457E9A9288FBE9B001B0909 /* Frameworks */,
				2457E9AA288FBE9B001B0909 /* Resources */,
			);
			buildRules = (
			);
			dependencies = (
				2457E9AE288FBE9B001B0909 /* PBXTargetDependency */,
			);
			name = ListMovieTests;
			productName = ListMovieTests;
			productReference = 2457E9AC288FBE9B001B0909 /* ListMovieTests.xctest */;
			productType = "com.apple.product-type.bundle.unit-test";
		};
		2457E9B5288FBE9B001B0909 /* ListMovieUITests */ = {
			isa = PBXNativeTarget;
			buildConfigurationList = 2457E9C6288FBE9B001B0909 /* Build configuration list for PBXNativeTarget "ListMovieUITests" */;
			buildPhases = (
				DE27B2AE8BB3E2491B99FD5E /* [CP] Check Pods Manifest.lock */,
				2457E9B2288FBE9B001B0909 /* Sources */,
				2457E9B3288FBE9B001B0909 /* Frameworks */,
				2457E9B4288FBE9B001B0909 /* Resources */,
				D3D2E8C859E4D19ADF423900 /* [CP] Embed Pods Frameworks */,
			);
			buildRules = (
			);
			dependencies = (
				2457E9B8288FBE9B001B0909 /* PBXTargetDependency */,
			);
			name = ListMovieUITests;
			productName = ListMovieUITests;
			productReference = 2457E9B6288FBE9B001B0909 /* ListMovieUITests.xctest */;
			productType = "com.apple.product-type.bundle.ui-testing";
		};
/* End PBXNativeTarget section */

/* Begin PBXProject section */
		2457E994288FBE99001B0909 /* Project object */ = {
			isa = PBXProject;
			attributes = {
				BuildIndependentTargetsInParallel = 1;
				LastSwiftUpdateCheck = 1340;
				LastUpgradeCheck = 1340;
				TargetAttributes = {
					2457E99B288FBE99001B0909 = {
						CreatedOnToolsVersion = 13.4.1;
					};
					2457E9AB288FBE9B001B0909 = {
						CreatedOnToolsVersion = 13.4.1;
						TestTargetID = 2457E99B288FBE99001B0909;
					};
					2457E9B5288FBE9B001B0909 = {
						CreatedOnToolsVersion = 13.4.1;
						TestTargetID = 2457E99B288FBE99001B0909;
					};
				};
			};
			buildConfigurationList = 2457E997288FBE99001B0909 /* Build configuration list for PBXProject "ListMovie" */;
			compatibilityVersion = "Xcode 13.0";
			developmentRegion = en;
			hasScannedForEncodings = 0;
			knownRegions = (
				en,
				Base,
			);
			mainGroup = 2457E993288FBE99001B0909;
			productRefGroup = 2457E99D288FBE99001B0909 /* Products */;
			projectDirPath = "";
			projectRoot = "";
			targets = (
				2457E99B288FBE99001B0909 /* ListMovie */,
				2457E9AB288FBE9B001B0909 /* ListMovieTests */,
				2457E9B5288FBE9B001B0909 /* ListMovieUITests */,
			);
		};
/* End PBXProject section */

/* Begin PBXResourcesBuildPhase section */
		2457E99A288FBE99001B0909 /* Resources */ = {
			isa = PBXResourcesBuildPhase;
			buildActionMask = 2147483647;
			files = (
				2457E9A7288FBE9B001B0909 /* Preview Assets.xcassets in Resources */,
				2457E9A4288FBE9A001B0909 /* Assets.xcassets in Resources */,
			);
			runOnlyForDeploymentPostprocessing = 0;
		};
		2457E9AA288FBE9B001B0909 /* Resources */ = {
			isa = PBXResourcesBuildPhase;
			buildActionMask = 2147483647;
			files = (
			);
			runOnlyForDeploymentPostprocessing = 0;
		};
		2457E9B4288FBE9B001B0909 /* Resources */ = {
			isa = PBXResourcesBuildPhase;
			buildActionMask = 2147483647;
			files = (
			);
			runOnlyForDeploymentPostprocessing = 0;
		};
/* End PBXResourcesBuildPhase section */

/* Begin PBXShellScriptBuildPhase section */
		3A53F3A032D6800E670EA4B4 /* [CP] Embed Pods Frameworks */ = {
			isa = PBXShellScriptBuildPhase;
			buildActionMask = 2147483647;
			files = (
			);
			inputFileListPaths = (
				"${PODS_ROOT}/Target Support Files/Pods-ListMovie/Pods-ListMovie-frameworks-${CONFIGURATION}-input-files.xcfilelist",
			);
			name = "[CP] Embed Pods Frameworks";
			outputFileListPaths = (
				"${PODS_ROOT}/Target Support Files/Pods-ListMovie/Pods-ListMovie-frameworks-${CONFIGURATION}-output-files.xcfilelist",
			);
			runOnlyForDeploymentPostprocessing = 0;
			shellPath = /bin/sh;
			shellScript = "\"${PODS_ROOT}/Target Support Files/Pods-ListMovie/Pods-ListMovie-frameworks.sh\"\n";
			showEnvVarsInLog = 0;
		};
		A6F5E1841572C4AB3F83629F /* [CP] Check Pods Manifest.lock */ = {
			isa = PBXShellScriptBuildPhase;
			buildActionMask = 2147483647;
			files = (
			);
			inputFileListPaths = (
			);
			inputPaths = (
				"${PODS_PODFILE_DIR_PATH}/Podfile.lock",
				"${PODS_ROOT}/Manifest.lock",
			);
			name = "[CP] Check Pods Manifest.lock";
			outputFileListPaths = (
			);
			outputPaths = (
				"$(DERIVED_FILE_DIR)/Pods-ListMovieTests-checkManifestLockResult.txt",
			);
			runOnlyForDeploymentPostprocessing = 0;
			shellPath = /bin/sh;
			shellScript = "diff \"${PODS_PODFILE_DIR_PATH}/Podfile.lock\" \"${PODS_ROOT}/Manifest.lock\" > /dev/null\nif [ $? != 0 ] ; then\n    # print error to STDERR\n    echo \"error: The sandbox is not in sync with the Podfile.lock. Run 'pod install' or update your CocoaPods installation.\" >&2\n    exit 1\nfi\n# This output is used by Xcode 'outputs' to avoid re-running this script phase.\necho \"SUCCESS\" > \"${SCRIPT_OUTPUT_FILE_0}\"\n";
			showEnvVarsInLog = 0;
		};
		AC9F9FD9ADEAEFE05780CFA0 /* [CP] Check Pods Manifest.lock */ = {
			isa = PBXShellScriptBuildPhase;
			buildActionMask = 2147483647;
			files = (
			);
			inputFileListPaths = (
			);
			inputPaths = (
				"${PODS_PODFILE_DIR_PATH}/Podfile.lock",
				"${PODS_ROOT}/Manifest.lock",
			);
			name = "[CP] Check Pods Manifest.lock";
			outputFileListPaths = (
			);
			outputPaths = (
				"$(DERIVED_FILE_DIR)/Pods-ListMovie-checkManifestLockResult.txt",
			);
			runOnlyForDeploymentPostprocessing = 0;
			shellPath = /bin/sh;
			shellScript = "diff \"${PODS_PODFILE_DIR_PATH}/Podfile.lock\" \"${PODS_ROOT}/Manifest.lock\" > /dev/null\nif [ $? != 0 ] ; then\n    # print error to STDERR\n    echo \"error: The sandbox is not in sync with the Podfile.lock. Run 'pod install' or update your CocoaPods installation.\" >&2\n    exit 1\nfi\n# This output is used by Xcode 'outputs' to avoid re-running this script phase.\necho \"SUCCESS\" > \"${SCRIPT_OUTPUT_FILE_0}\"\n";
			showEnvVarsInLog = 0;
		};
		D3D2E8C859E4D19ADF423900 /* [CP] Embed Pods Frameworks */ = {
			isa = PBXShellScriptBuildPhase;
			buildActionMask = 2147483647;
			files = (
			);
			inputFileListPaths = (
				"${PODS_ROOT}/Target Support Files/Pods-ListMovie-ListMovieUITests/Pods-ListMovie-ListMovieUITests-frameworks-${CONFIGURATION}-input-files.xcfilelist",
			);
			name = "[CP] Embed Pods Frameworks";
			outputFileListPaths = (
				"${PODS_ROOT}/Target Support Files/Pods-ListMovie-ListMovieUITests/Pods-ListMovie-ListMovieUITests-frameworks-${CONFIGURATION}-output-files.xcfilelist",
			);
			runOnlyForDeploymentPostprocessing = 0;
			shellPath = /bin/sh;
			shellScript = "\"${PODS_ROOT}/Target Support Files/Pods-ListMovie-ListMovieUITests/Pods-ListMovie-ListMovieUITests-frameworks.sh\"\n";
			showEnvVarsInLog = 0;
		};
		DE27B2AE8BB3E2491B99FD5E /* [CP] Check Pods Manifest.lock */ = {
			isa = PBXShellScriptBuildPhase;
			buildActionMask = 2147483647;
			files = (
			);
			inputFileListPaths = (
			);
			inputPaths = (
				"${PODS_PODFILE_DIR_PATH}/Podfile.lock",
				"${PODS_ROOT}/Manifest.lock",
			);
			name = "[CP] Check Pods Manifest.lock";
			outputFileListPaths = (
			);
			outputPaths = (
				"$(DERIVED_FILE_DIR)/Pods-ListMovie-ListMovieUITests-checkManifestLockResult.txt",
			);
			runOnlyForDeploymentPostprocessing = 0;
			shellPath = /bin/sh;
			shellScript = "diff \"${PODS_PODFILE_DIR_PATH}/Podfile.lock\" \"${PODS_ROOT}/Manifest.lock\" > /dev/null\nif [ $? != 0 ] ; then\n    # print error to STDERR\n    echo \"error: The sandbox is not in sync with the Podfile.lock. Run 'pod install' or update your CocoaPods installation.\" >&2\n    exit 1\nfi\n# This output is used by Xcode 'outputs' to avoid re-running this script phase.\necho \"SUCCESS\" > \"${SCRIPT_OUTPUT_FILE_0}\"\n";
			showEnvVarsInLog = 0;
		};
/* End PBXShellScriptBuildPhase section */

/* Begin PBXSourcesBuildPhase section */
		2457E998288FBE99001B0909 /* Sources */ = {
			isa = PBXSourcesBuildPhase;
			buildActionMask = 2147483647;
			files = (
				2464A4BC28CAE42600B227A6 /* AlamofireHelper.swift in Sources */,
				2477744428D011CF0096A317 /* AuthRepository.swift in Sources */,
				2457E9A0288FBE9A001B0909 /* ListMovieApp.swift in Sources */,
				24EA377428B7735A008C9832 /* UIScreen.swift in Sources */,
				24D4A0AE28C9C33F0010C12D /* MediaItem.swift in Sources */,
				246CC47828CF0CF10093E8C5 /* Home.swift in Sources */,
				24D4A0B028C9C35E0010C12D /* ApiResult.swift in Sources */,
				24D4A0AC28C9C17A0010C12D /* AuthView.swift in Sources */,
				2477744A28D014320096A317 /* HomeViewModel.swift in Sources */,
				2477744828D014210096A317 /* AuthViewModel.swift in Sources */,
				246CC47A28CF137E0093E8C5 /* AuthDTO.swift in Sources */,
				2464A4BF28CB176000B227A6 /* UserDTO.swift in Sources */,
				24D4A0B228C9C3FC0010C12D /* User.swift in Sources */,
			);
			runOnlyForDeploymentPostprocessing = 0;
		};
		2457E9A8288FBE9B001B0909 /* Sources */ = {
			isa = PBXSourcesBuildPhase;
			buildActionMask = 2147483647;
			files = (
				2457E9B1288FBE9B001B0909 /* ListMovieTests.swift in Sources */,
			);
			runOnlyForDeploymentPostprocessing = 0;
		};
		2457E9B2288FBE9B001B0909 /* Sources */ = {
			isa = PBXSourcesBuildPhase;
			buildActionMask = 2147483647;
			files = (
				2457E9BB288FBE9B001B0909 /* ListMovieUITests.swift in Sources */,
				2457E9BD288FBE9B001B0909 /* ListMovieUITestsLaunchTests.swift in Sources */,
			);
			runOnlyForDeploymentPostprocessing = 0;
		};
/* End PBXSourcesBuildPhase section */

/* Begin PBXTargetDependency section */
		2457E9AE288FBE9B001B0909 /* PBXTargetDependency */ = {
			isa = PBXTargetDependency;
			target = 2457E99B288FBE99001B0909 /* ListMovie */;
			targetProxy = 2457E9AD288FBE9B001B0909 /* PBXContainerItemProxy */;
		};
		2457E9B8288FBE9B001B0909 /* PBXTargetDependency */ = {
			isa = PBXTargetDependency;
			target = 2457E99B288FBE99001B0909 /* ListMovie */;
			targetProxy = 2457E9B7288FBE9B001B0909 /* PBXContainerItemProxy */;
		};
/* End PBXTargetDependency section */

/* Begin XCBuildConfiguration section */
		2457E9BE288FBE9B001B0909 /* Debug */ = {
			isa = XCBuildConfiguration;
			buildSettings = {
				ALWAYS_SEARCH_USER_PATHS = NO;
				CLANG_ANALYZER_NONNULL = YES;
				CLANG_ANALYZER_NUMBER_OBJECT_CONVERSION = YES_AGGRESSIVE;
				CLANG_CXX_LANGUAGE_STANDARD = "gnu++17";
				CLANG_ENABLE_MODULES = YES;
				CLANG_ENABLE_OBJC_ARC = YES;
				CLANG_ENABLE_OBJC_WEAK = YES;
				CLANG_WARN_BLOCK_CAPTURE_AUTORELEASING = YES;
				CLANG_WARN_BOOL_CONVERSION = YES;
				CLANG_WARN_COMMA = YES;
				CLANG_WARN_CONSTANT_CONVERSION = YES;
				CLANG_WARN_DEPRECATED_OBJC_IMPLEMENTATIONS = YES;
				CLANG_WARN_DIRECT_OBJC_ISA_USAGE = YES_ERROR;
				CLANG_WARN_DOCUMENTATION_COMMENTS = YES;
				CLANG_WARN_EMPTY_BODY = YES;
				CLANG_WARN_ENUM_CONVERSION = YES;
				CLANG_WARN_INFINITE_RECURSION = YES;
				CLANG_WARN_INT_CONVERSION = YES;
				CLANG_WARN_NON_LITERAL_NULL_CONVERSION = YES;
				CLANG_WARN_OBJC_IMPLICIT_RETAIN_SELF = YES;
				CLANG_WARN_OBJC_LITERAL_CONVERSION = YES;
				CLANG_WARN_OBJC_ROOT_CLASS = YES_ERROR;
				CLANG_WARN_QUOTED_INCLUDE_IN_FRAMEWORK_HEADER = YES;
				CLANG_WARN_RANGE_LOOP_ANALYSIS = YES;
				CLANG_WARN_STRICT_PROTOTYPES = YES;
				CLANG_WARN_SUSPICIOUS_MOVE = YES;
				CLANG_WARN_UNGUARDED_AVAILABILITY = YES_AGGRESSIVE;
				CLANG_WARN_UNREACHABLE_CODE = YES;
				CLANG_WARN__DUPLICATE_METHOD_MATCH = YES;
				COPY_PHASE_STRIP = NO;
				DEBUG_INFORMATION_FORMAT = dwarf;
				ENABLE_STRICT_OBJC_MSGSEND = YES;
				ENABLE_TESTABILITY = YES;
				GCC_C_LANGUAGE_STANDARD = gnu11;
				GCC_DYNAMIC_NO_PIC = NO;
				GCC_NO_COMMON_BLOCKS = YES;
				GCC_OPTIMIZATION_LEVEL = 0;
				GCC_PREPROCESSOR_DEFINITIONS = (
					"DEBUG=1",
					"$(inherited)",
				);
				GCC_WARN_64_TO_32_BIT_CONVERSION = YES;
				GCC_WARN_ABOUT_RETURN_TYPE = YES_ERROR;
				GCC_WARN_UNDECLARED_SELECTOR = YES;
				GCC_WARN_UNINITIALIZED_AUTOS = YES_AGGRESSIVE;
				GCC_WARN_UNUSED_FUNCTION = YES;
				GCC_WARN_UNUSED_VARIABLE = YES;
				IPHONEOS_DEPLOYMENT_TARGET = 15.5;
				MTL_ENABLE_DEBUG_INFO = INCLUDE_SOURCE;
				MTL_FAST_MATH = YES;
				ONLY_ACTIVE_ARCH = YES;
				SDKROOT = iphoneos;
				SWIFT_ACTIVE_COMPILATION_CONDITIONS = DEBUG;
				SWIFT_OPTIMIZATION_LEVEL = "-Onone";
			};
			name = Debug;
		};
		2457E9BF288FBE9B001B0909 /* Release */ = {
			isa = XCBuildConfiguration;
			buildSettings = {
				ALWAYS_SEARCH_USER_PATHS = NO;
				CLANG_ANALYZER_NONNULL = YES;
				CLANG_ANALYZER_NUMBER_OBJECT_CONVERSION = YES_AGGRESSIVE;
				CLANG_CXX_LANGUAGE_STANDARD = "gnu++17";
				CLANG_ENABLE_MODULES = YES;
				CLANG_ENABLE_OBJC_ARC = YES;
				CLANG_ENABLE_OBJC_WEAK = YES;
				CLANG_WARN_BLOCK_CAPTURE_AUTORELEASING = YES;
				CLANG_WARN_BOOL_CONVERSION = YES;
				CLANG_WARN_COMMA = YES;
				CLANG_WARN_CONSTANT_CONVERSION = YES;
				CLANG_WARN_DEPRECATED_OBJC_IMPLEMENTATIONS = YES;
				CLANG_WARN_DIRECT_OBJC_ISA_USAGE = YES_ERROR;
				CLANG_WARN_DOCUMENTATION_COMMENTS = YES;
				CLANG_WARN_EMPTY_BODY = YES;
				CLANG_WARN_ENUM_CONVERSION = YES;
				CLANG_WARN_INFINITE_RECURSION = YES;
				CLANG_WARN_INT_CONVERSION = YES;
				CLANG_WARN_NON_LITERAL_NULL_CONVERSION = YES;
				CLANG_WARN_OBJC_IMPLICIT_RETAIN_SELF = YES;
				CLANG_WARN_OBJC_LITERAL_CONVERSION = YES;
				CLANG_WARN_OBJC_ROOT_CLASS = YES_ERROR;
				CLANG_WARN_QUOTED_INCLUDE_IN_FRAMEWORK_HEADER = YES;
				CLANG_WARN_RANGE_LOOP_ANALYSIS = YES;
				CLANG_WARN_STRICT_PROTOTYPES = YES;
				CLANG_WARN_SUSPICIOUS_MOVE = YES;
				CLANG_WARN_UNGUARDED_AVAILABILITY = YES_AGGRESSIVE;
				CLANG_WARN_UNREACHABLE_CODE = YES;
				CLANG_WARN__DUPLICATE_METHOD_MATCH = YES;
				COPY_PHASE_STRIP = NO;
				DEBUG_INFORMATION_FORMAT = "dwarf-with-dsym";
				ENABLE_NS_ASSERTIONS = NO;
				ENABLE_STRICT_OBJC_MSGSEND = YES;
				GCC_C_LANGUAGE_STANDARD = gnu11;
				GCC_NO_COMMON_BLOCKS = YES;
				GCC_WARN_64_TO_32_BIT_CONVERSION = YES;
				GCC_WARN_ABOUT_RETURN_TYPE = YES_ERROR;
				GCC_WARN_UNDECLARED_SELECTOR = YES;
				GCC_WARN_UNINITIALIZED_AUTOS = YES_AGGRESSIVE;
				GCC_WARN_UNUSED_FUNCTION = YES;
				GCC_WARN_UNUSED_VARIABLE = YES;
				IPHONEOS_DEPLOYMENT_TARGET = 15.5;
				MTL_ENABLE_DEBUG_INFO = NO;
				MTL_FAST_MATH = YES;
				SDKROOT = iphoneos;
				SWIFT_COMPILATION_MODE = wholemodule;
				SWIFT_OPTIMIZATION_LEVEL = "-O";
				VALIDATE_PRODUCT = YES;
			};
			name = Release;
		};
		2457E9C1288FBE9B001B0909 /* Debug */ = {
			isa = XCBuildConfiguration;
			baseConfigurationReference = 0F20C315B2F1B7B1C70930F2 /* Pods-ListMovie.debug.xcconfig */;
			buildSettings = {
				ASSETCATALOG_COMPILER_APPICON_NAME = AppIcon;
				ASSETCATALOG_COMPILER_GLOBAL_ACCENT_COLOR_NAME = AccentColor;
				CODE_SIGN_STYLE = Automatic;
				CURRENT_PROJECT_VERSION = 1;
				DEVELOPMENT_ASSET_PATHS = "\"ListMovie/Preview Content\"";
				DEVELOPMENT_TEAM = JDJ9QB4MRD;
				ENABLE_PREVIEWS = YES;
				GENERATE_INFOPLIST_FILE = YES;
				INFOPLIST_KEY_UIApplicationSceneManifest_Generation = YES;
				INFOPLIST_KEY_UIApplicationSupportsIndirectInputEvents = YES;
				INFOPLIST_KEY_UILaunchScreen_Generation = YES;
				INFOPLIST_KEY_UISupportedInterfaceOrientations_iPad = "UIInterfaceOrientationPortrait UIInterfaceOrientationPortraitUpsideDown UIInterfaceOrientationLandscapeLeft UIInterfaceOrientationLandscapeRight";
				INFOPLIST_KEY_UISupportedInterfaceOrientations_iPhone = "UIInterfaceOrientationPortrait UIInterfaceOrientationLandscapeLeft UIInterfaceOrientationLandscapeRight";
				LD_RUNPATH_SEARCH_PATHS = (
					"$(inherited)",
					"@executable_path/Frameworks",
				);
				MARKETING_VERSION = 1.0;
				PRODUCT_BUNDLE_IDENTIFIER = "rikkei-test.ListMovie";
				PRODUCT_NAME = "$(TARGET_NAME)";
				SWIFT_EMIT_LOC_STRINGS = YES;
				SWIFT_VERSION = 5.0;
				TARGETED_DEVICE_FAMILY = "1,2";
			};
			name = Debug;
		};
		2457E9C2288FBE9B001B0909 /* Release */ = {
			isa = XCBuildConfiguration;
			baseConfigurationReference = CA564B0EEE2A398E51B6E705 /* Pods-ListMovie.release.xcconfig */;
			buildSettings = {
				ASSETCATALOG_COMPILER_APPICON_NAME = AppIcon;
				ASSETCATALOG_COMPILER_GLOBAL_ACCENT_COLOR_NAME = AccentColor;
				CODE_SIGN_STYLE = Automatic;
				CURRENT_PROJECT_VERSION = 1;
				DEVELOPMENT_ASSET_PATHS = "\"ListMovie/Preview Content\"";
				DEVELOPMENT_TEAM = JDJ9QB4MRD;
				ENABLE_PREVIEWS = YES;
				GENERATE_INFOPLIST_FILE = YES;
				INFOPLIST_KEY_UIApplicationSceneManifest_Generation = YES;
				INFOPLIST_KEY_UIApplicationSupportsIndirectInputEvents = YES;
				INFOPLIST_KEY_UILaunchScreen_Generation = YES;
				INFOPLIST_KEY_UISupportedInterfaceOrientations_iPad = "UIInterfaceOrientationPortrait UIInterfaceOrientationPortraitUpsideDown UIInterfaceOrientationLandscapeLeft UIInterfaceOrientationLandscapeRight";
				INFOPLIST_KEY_UISupportedInterfaceOrientations_iPhone = "UIInterfaceOrientationPortrait UIInterfaceOrientationLandscapeLeft UIInterfaceOrientationLandscapeRight";
				LD_RUNPATH_SEARCH_PATHS = (
					"$(inherited)",
					"@executable_path/Frameworks",
				);
				MARKETING_VERSION = 1.0;
				PRODUCT_BUNDLE_IDENTIFIER = "rikkei-test.ListMovie";
				PRODUCT_NAME = "$(TARGET_NAME)";
				SWIFT_EMIT_LOC_STRINGS = YES;
				SWIFT_VERSION = 5.0;
				TARGETED_DEVICE_FAMILY = "1,2";
			};
			name = Release;
		};
		2457E9C4288FBE9B001B0909 /* Debug */ = {
			isa = XCBuildConfiguration;
			baseConfigurationReference = 65AC6A6A5BB310580E420A26 /* Pods-ListMovieTests.debug.xcconfig */;
			buildSettings = {
				ALWAYS_EMBED_SWIFT_STANDARD_LIBRARIES = YES;
				BUNDLE_LOADER = "$(TEST_HOST)";
				CODE_SIGN_STYLE = Automatic;
				CURRENT_PROJECT_VERSION = 1;
				DEVELOPMENT_TEAM = JDJ9QB4MRD;
				GENERATE_INFOPLIST_FILE = YES;
				IPHONEOS_DEPLOYMENT_TARGET = 15.5;
				MARKETING_VERSION = 1.0;
				PRODUCT_BUNDLE_IDENTIFIER = "rikkei-test.ListMovieTests";
				PRODUCT_NAME = "$(TARGET_NAME)";
				SWIFT_EMIT_LOC_STRINGS = NO;
				SWIFT_VERSION = 5.0;
				TARGETED_DEVICE_FAMILY = "1,2";
				TEST_HOST = "$(BUILT_PRODUCTS_DIR)/ListMovie.app/ListMovie";
			};
			name = Debug;
		};
		2457E9C5288FBE9B001B0909 /* Release */ = {
			isa = XCBuildConfiguration;
			baseConfigurationReference = A8AA97C4B1029B79552183E3 /* Pods-ListMovieTests.release.xcconfig */;
			buildSettings = {
				ALWAYS_EMBED_SWIFT_STANDARD_LIBRARIES = YES;
				BUNDLE_LOADER = "$(TEST_HOST)";
				CODE_SIGN_STYLE = Automatic;
				CURRENT_PROJECT_VERSION = 1;
				DEVELOPMENT_TEAM = JDJ9QB4MRD;
				GENERATE_INFOPLIST_FILE = YES;
				IPHONEOS_DEPLOYMENT_TARGET = 15.5;
				MARKETING_VERSION = 1.0;
				PRODUCT_BUNDLE_IDENTIFIER = "rikkei-test.ListMovieTests";
				PRODUCT_NAME = "$(TARGET_NAME)";
				SWIFT_EMIT_LOC_STRINGS = NO;
				SWIFT_VERSION = 5.0;
				TARGETED_DEVICE_FAMILY = "1,2";
				TEST_HOST = "$(BUILT_PRODUCTS_DIR)/ListMovie.app/ListMovie";
			};
			name = Release;
		};
		2457E9C7288FBE9B001B0909 /* Debug */ = {
			isa = XCBuildConfiguration;
			baseConfigurationReference = 64EC3982AFFD7DB38DA76A70 /* Pods-ListMovie-ListMovieUITests.debug.xcconfig */;
			buildSettings = {
				ALWAYS_EMBED_SWIFT_STANDARD_LIBRARIES = YES;
				CODE_SIGN_STYLE = Automatic;
				CURRENT_PROJECT_VERSION = 1;
				DEVELOPMENT_TEAM = JDJ9QB4MRD;
				GENERATE_INFOPLIST_FILE = YES;
				MARKETING_VERSION = 1.0;
				PRODUCT_BUNDLE_IDENTIFIER = "rikkei-test.ListMovieUITests";
				PRODUCT_NAME = "$(TARGET_NAME)";
				SWIFT_EMIT_LOC_STRINGS = NO;
				SWIFT_VERSION = 5.0;
				TARGETED_DEVICE_FAMILY = "1,2";
				TEST_TARGET_NAME = ListMovie;
			};
			name = Debug;
		};
		2457E9C8288FBE9B001B0909 /* Release */ = {
			isa = XCBuildConfiguration;
			baseConfigurationReference = AB4DB6023AFD849D5F1F3DE7 /* Pods-ListMovie-ListMovieUITests.release.xcconfig */;
			buildSettings = {
				ALWAYS_EMBED_SWIFT_STANDARD_LIBRARIES = YES;
				CODE_SIGN_STYLE = Automatic;
				CURRENT_PROJECT_VERSION = 1;
				DEVELOPMENT_TEAM = JDJ9QB4MRD;
				GENERATE_INFOPLIST_FILE = YES;
				MARKETING_VERSION = 1.0;
				PRODUCT_BUNDLE_IDENTIFIER = "rikkei-test.ListMovieUITests";
				PRODUCT_NAME = "$(TARGET_NAME)";
				SWIFT_EMIT_LOC_STRINGS = NO;
				SWIFT_VERSION = 5.0;
				TARGETED_DEVICE_FAMILY = "1,2";
				TEST_TARGET_NAME = ListMovie;
			};
			name = Release;
		};
/* End XCBuildConfiguration section */

/* Begin XCConfigurationList section */
		2457E997288FBE99001B0909 /* Build configuration list for PBXProject "ListMovie" */ = {
			isa = XCConfigurationList;
			buildConfigurations = (
				2457E9BE288FBE9B001B0909 /* Debug */,
				2457E9BF288FBE9B001B0909 /* Release */,
			);
			defaultConfigurationIsVisible = 0;
			defaultConfigurationName = Release;
		};
		2457E9C0288FBE9B001B0909 /* Build configuration list for PBXNativeTarget "ListMovie" */ = {
			isa = XCConfigurationList;
			buildConfigurations = (
				2457E9C1288FBE9B001B0909 /* Debug */,
				2457E9C2288FBE9B001B0909 /* Release */,
			);
			defaultConfigurationIsVisible = 0;
			defaultConfigurationName = Release;
		};
		2457E9C3288FBE9B001B0909 /* Build configuration list for PBXNativeTarget "ListMovieTests" */ = {
			isa = XCConfigurationList;
			buildConfigurations = (
				2457E9C4288FBE9B001B0909 /* Debug */,
				2457E9C5288FBE9B001B0909 /* Release */,
			);
			defaultConfigurationIsVisible = 0;
			defaultConfigurationName = Release;
		};
		2457E9C6288FBE9B001B0909 /* Build configuration list for PBXNativeTarget "ListMovieUITests" */ = {
			isa = XCConfigurationList;
			buildConfigurations = (
				2457E9C7288FBE9B001B0909 /* Debug */,
				2457E9C8288FBE9B001B0909 /* Release */,
			);
			defaultConfigurationIsVisible = 0;
			defaultConfigurationName = Release;
		};
/* End XCConfigurationList section */
	};
	rootObject = 2457E994288FBE99001B0909 /* Project object */;
}
