// !$*UTF8*$!
{
	archiveVersion = 1;
	classes = {
	};
	objectVersion = 55;
	objects = {

/* Begin PBXBuildFile section */
		2457E9A0288FBE9A001B0909 /* ListMovieApp.swift in Sources */ = {isa = PBXBuildFile; fileRef = 2457E99F288FBE9A001B0909 /* ListMovieApp.swift */; };
		2457E9A2288FBE9A001B0909 /* ContentView.swift in Sources */ = {isa = PBXBuildFile; fileRef = 2457E9A1288FBE9A001B0909 /* ContentView.swift */; };
		2457E9A4288FBE9A001B0909 /* Assets.xcassets in Resources */ = {isa = PBXBuildFile; fileRef = 2457E9A3288FBE9A001B0909 /* Assets.xcassets */; };
		2457E9A7288FBE9B001B0909 /* Preview Assets.xcassets in Resources */ = {isa = PBXBuildFile; fileRef = 2457E9A6288FBE9B001B0909 /* Preview Assets.xcassets */; };
		2457E9B1288FBE9B001B0909 /* ListMovieTests.swift in Sources */ = {isa = PBXBuildFile; fileRef = 2457E9B0288FBE9B001B0909 /* ListMovieTests.swift */; };
		2457E9BB288FBE9B001B0909 /* ListMovieUITests.swift in Sources */ = {isa = PBXBuildFile; fileRef = 2457E9BA288FBE9B001B0909 /* ListMovieUITests.swift */; };
		2457E9BD288FBE9B001B0909 /* ListMovieUITestsLaunchTests.swift in Sources */ = {isa = PBXBuildFile; fileRef = 2457E9BC288FBE9B001B0909 /* ListMovieUITestsLaunchTests.swift */; };
/* End PBXBuildFile section */

/* Begin PBXContainerItemProxy section */
		2457E9AD288FBE9B001B0909 /* PBXContainerItemProxy */ = {
			isa = PBXContainerItemProxy;
			containerPortal = 2457E994288FBE99001B0909 /* Project object */;
			proxyType = 1;
			remoteGlobalIDString = 2457E99B288FBE99001B0909;
			remoteInfo = ListMovie;
		};
		2457E9B7288FBE9B001B0909 /* PBXContainerItemProxy */ = {
			isa = PBXContainerItemProxy;
			containerPortal = 2457E994288FBE99001B0909 /* Project object */;
			proxyType = 1;
			remoteGlobalIDString = 2457E99B288FBE99001B0909;
			remoteInfo = ListMovie;
		};
/* End PBXContainerItemProxy section */

/* Begin PBXFileReference section */
		2457E99C288FBE99001B0909 /* ListMovie.app */ = {isa = PBXFileReference; explicitFileType = wrapper.application; includeInIndex = 0; path = ListMovie.app; sourceTree = BUILT_PRODUCTS_DIR; };
		2457E99F288FBE9A001B0909 /* ListMovieApp.swift */ = {isa = PBXFileReference; lastKnownFileType = sourcecode.swift; path = ListMovieApp.swift; sourceTree = "<group>"; };
		2457E9A1288FBE9A001B0909 /* ContentView.swift */ = {isa = PBXFileReference; lastKnownFileType = sourcecode.swift; path = ContentView.swift; sourceTree = "<group>"; };
		2457E9A3288FBE9A001B0909 /* Assets.xcassets */ = {isa = PBXFileReference; lastKnownFileType = folder.assetcatalog; path = Assets.xcassets; sourceTree = "<group>"; };
		2457E9A6288FBE9B001B0909 /* Preview Assets.xcassets */ = {isa = PBXFileReference; lastKnownFileType = folder.assetcatalog; path = "Preview Assets.xcassets"; sourceTree = "<group>"; };
		2457E9AC288FBE9B001B0909 /* ListMovieTests.xctest */ = {isa = PBXFileReference; explicitFileType = wrapper.cfbundle; includeInIndex = 0; path = ListMovieTests.xctest; sourceTree = BUILT_PRODUCTS_DIR; };
		2457E9B0288FBE9B001B0909 /* ListMovieTests.swift */ = {isa = PBXFileReference; lastKnownFileType = sourcecode.swift; path = ListMovieTests.swift; sourceTree = "<group>"; };
		2457E9B6288FBE9B001B0909 /* ListMovieUITests.xctest */ = {isa = PBXFileReference; explicitFileType = wrapper.cfbundle; includeInIndex = 0; path = ListMovieUITests.xctest; sourceTree = BUILT_PRODUCTS_DIR; };
		2457E9BA288FBE9B001B0909 /* ListMovieUITests.swift */ = {isa = PBXFileReference; lastKnownFileType = sourcecode.swift; path = ListMovieUITests.swift; sourceTree = "<group>"; };
		2457E9BC288FBE9B001B0909 /* ListMovieUITestsLaunchTests.swift */ = {isa = PBXFileReference; lastKnownFileType = sourcecode.swift; path = ListMovieUITestsLaunchTests.swift; sourceTree = "<group>"; };
/* End PBXFileReference section */

/* Begin PBXFrameworksBuildPhase section */
		2457E999288FBE99001B0909 /* Frameworks */ = {
			isa = PBXFrameworksBuildPhase;
			buildActionMask = 2147483647;
			files = (
			);
			runOnlyForDeploymentPostprocessing = 0;
		};
		2457E9A9288FBE9B001B0909 /* Frameworks */ = {
			isa = PBXFrameworksBuildPhase;
			buildActionMask = 2147483647;
			files = (
			);
			runOnlyForDeploymentPostprocessing = 0;
		};
		2457E9B3288FBE9B001B0909 /* Frameworks */ = {
			isa = PBXFrameworksBuildPhase;
			buildActionMask = 2147483647;
			files = (
			);
			runOnlyForDeploymentPostprocessing = 0;
		};
/* End PBXFrameworksBuildPhase section */

/* Begin PBXGroup section */
		2457E993288FBE99001B0909 = {
			isa = PBXGroup;
			children = (
				2457E99E288FBE99001B0909 /* ListMovie */,
				2457E9AF288FBE9B001B0909 /* ListMovieTests */,
				2457E9B9288FBE9B001B0909 /* ListMovieUITests */,
				2457E99D288FBE99001B0909 /* Products */,
			);
			sourceTree = "<group>";
		};
		2457E99D288FBE99001B0909 /* Products */ = {
			isa = PBXGroup;
			children = (
				2457E99C288FBE99001B0909 /* ListMovie.app */,
				2457E9AC288FBE9B001B0909 /* ListMovieTests.xctest */,
				2457E9B6288FBE9B001B0909 /* ListMovieUITests.xctest */,
			);
			name = Products;
			sourceTree = "<group>";
		};
		2457E99E288FBE99001B0909 /* ListMovie */ = {
			isa = PBXGroup;
			children = (
				2457E99F288FBE9A001B0909 /* ListMovieApp.swift */,
				2457E9A1288FBE9A001B0909 /* ContentView.swift */,
				2457E9A3288FBE9A001B0909 /* Assets.xcassets */,
				2457E9A5288FBE9B001B0909 /* Preview Content */,
			);
			path = ListMovie;
			sourceTree = "<group>";
		};
		2457E9A5288FBE9B001B0909 /* Preview Content */ = {
			isa = PBXGroup;
			children = (
				2457E9A6288FBE9B001B0909 /* Preview Assets.xcassets */,
			);
			path = "Preview Content";
			sourceTree = "<group>";
		};
		2457E9AF288FBE9B001B0909 /* ListMovieTests */ = {
			isa = PBXGroup;
			children = (
				2457E9B0288FBE9B001B0909 /* ListMovieTests.swift */,
			);
			path = ListMovieTests;
			sourceTree = "<group>";
		};
		2457E9B9288FBE9B001B0909 /* ListMovieUITests */ = {
			isa = PBXGroup;
			children = (
				2457E9BA288FBE9B001B0909 /* ListMovieUITests.swift */,
				2457E9BC288FBE9B001B0909 /* ListMovieUITestsLaunchTests.swift */,
			);
			path = ListMovieUITests;
			sourceTree = "<group>";
		};
/* End PBXGroup section */

/* Begin PBXNativeTarget section */
		2457E99B288FBE99001B0909 /* ListMovie */ = {
			isa = PBXNativeTarget;
			buildConfigurationList = 2457E9C0288FBE9B001B0909 /* Build configuration list for PBXNativeTarget "ListMovie" */;
			buildPhases = (
				2457E998288FBE99001B0909 /* Sources */,
				2457E999288FBE99001B0909 /* Frameworks */,
				2457E99A288FBE99001B0909 /* Resources */,
			);
			buildRules = (
			);
			dependencies = (
			);
			name = ListMovie;
			productName = ListMovie;
			productReference = 2457E99C288FBE99001B0909 /* ListMovie.app */;
			productType = "com.apple.product-type.application";
		};
		2457E9AB288FBE9B001B0909 /* ListMovieTests */ = {
			isa = PBXNativeTarget;
			buildConfigurationList = 2457E9C3288FBE9B001B0909 /* Build configuration list for PBXNativeTarget "ListMovieTests" */;
			buildPhases = (
				2457E9A8288FBE9B001B0909 /* Sources */,
				2457E9A9288FBE9B001B0909 /* Frameworks */,
				2457E9AA288FBE9B001B0909 /* Resources */,
			);
			buildRules = (
			);
			dependencies = (
				2457E9AE288FBE9B001B0909 /* PBXTargetDependency */,
			);
			name = ListMovieTests;
			productName = ListMovieTests;
			productReference = 2457E9AC288FBE9B001B0909 /* ListMovieTests.xctest */;
			productType = "com.apple.product-type.bundle.unit-test";
		};
		2457E9B5288FBE9B001B0909 /* ListMovieUITests */ = {
			isa = PBXNativeTarget;
			buildConfigurationList = 2457E9C6288FBE9B001B0909 /* Build configuration list for PBXNativeTarget "ListMovieUITests" */;
			buildPhases = (
				2457E9B2288FBE9B001B0909 /* Sources */,
				2457E9B3288FBE9B001B0909 /* Frameworks */,
				2457E9B4288FBE9B001B0909 /* Resources */,
			);
			buildRules = (
			);
			dependencies = (
				2457E9B8288FBE9B001B0909 /* PBXTargetDependency */,
			);
			name = ListMovieUITests;
			productName = ListMovieUITests;
			productReference = 2457E9B6288FBE9B001B0909 /* ListMovieUITests.xctest */;
			productType = "com.apple.product-type.bundle.ui-testing";
		};
/* End PBXNativeTarget section */

/* Begin PBXProject section */
		2457E994288FBE99001B0909 /* Project object */ = {
			isa = PBXProject;
			attributes = {
				BuildIndependentTargetsInParallel = 1;
				LastSwiftUpdateCheck = 1340;
				LastUpgradeCheck = 1340;
				TargetAttributes = {
					2457E99B288FBE99001B0909 = {
						CreatedOnToolsVersion = 13.4.1;
					};
					2457E9AB288FBE9B001B0909 = {
						CreatedOnToolsVersion = 13.4.1;
						TestTargetID = 2457E99B288FBE99001B0909;
					};
					2457E9B5288FBE9B001B0909 = {
						CreatedOnToolsVersion = 13.4.1;
						TestTargetID = 2457E99B288FBE99001B0909;
					};
				};
			};
			buildConfigurationList = 2457E997288FBE99001B0909 /* Build configuration list for PBXProject "ListMovie" */;
			compatibilityVersion = "Xcode 13.0";
			developmentRegion = en;
			hasScannedForEncodings = 0;
			knownRegions = (
				en,
				Base,
			);
			mainGroup = 2457E993288FBE99001B0909;
			productRefGroup = 2457E99D288FBE99001B0909 /* Products */;
			projectDirPath = "";
			projectRoot = "";
			targets = (
				2457E99B288FBE99001B0909 /* ListMovie */,
				2457E9AB288FBE9B001B0909 /* ListMovieTests */,
				2457E9B5288FBE9B001B0909 /* ListMovieUITests */,
			);
		};
/* End PBXProject section */

/* Begin PBXResourcesBuildPhase section */
		2457E99A288FBE99001B0909 /* Resources */ = {
			isa = PBXResourcesBuildPhase;
			buildActionMask = 2147483647;
			files = (
				2457E9A7288FBE9B001B0909 /* Preview Assets.xcassets in Resources */,
				2457E9A4288FBE9A001B0909 /* Assets.xcassets in Resources */,
			);
			runOnlyForDeploymentPostprocessing = 0;
		};
		2457E9AA288FBE9B001B0909 /* Resources */ = {
			isa = PBXResourcesBuildPhase;
			buildActionMask = 2147483647;
			files = (
			);
			runOnlyForDeploymentPostprocessing = 0;
		};
		2457E9B4288FBE9B001B0909 /* Resources */ = {
			isa = PBXResourcesBuildPhase;
			buildActionMask = 2147483647;
			files = (
			);
			runOnlyForDeploymentPostprocessing = 0;
		};
/* End PBXResourcesBuildPhase section */

/* Begin PBXSourcesBuildPhase section */
		2457E998288FBE99001B0909 /* Sources */ = {
			isa = PBXSourcesBuildPhase;
			buildActionMask = 2147483647;
			files = (
				2457E9A2288FBE9A001B0909 /* ContentView.swift in Sources */,
				2457E9A0288FBE9A001B0909 /* ListMovieApp.swift in Sources */,
			);
			runOnlyForDeploymentPostprocessing = 0;
		};
		2457E9A8288FBE9B001B0909 /* Sources */ = {
			isa = PBXSourcesBuildPhase;
			buildActionMask = 2147483647;
			files = (
				2457E9B1288FBE9B001B0909 /* ListMovieTests.swift in Sources */,
			);
			runOnlyForDeploymentPostprocessing = 0;
		};
		2457E9B2288FBE9B001B0909 /* Sources */ = {
			isa = PBXSourcesBuildPhase;
			buildActionMask = 2147483647;
			files = (
				2457E9BB288FBE9B001B0909 /* ListMovieUITests.swift in Sources */,
				2457E9BD288FBE9B001B0909 /* ListMovieUITestsLaunchTests.swift in Sources */,
			);
			runOnlyForDeploymentPostprocessing = 0;
		};
/* End PBXSourcesBuildPhase section */

/* Begin PBXTargetDependency section */
		2457E9AE288FBE9B001B0909 /* PBXTargetDependency */ = {
			isa = PBXTargetDependency;
			target = 2457E99B288FBE99001B0909 /* ListMovie */;
			targetProxy = 2457E9AD288FBE9B001B0909 /* PBXContainerItemProxy */;
		};
		2457E9B8288FBE9B001B0909 /* PBXTargetDependency */ = {
			isa = PBXTargetDependency;
			target = 2457E99B288FBE99001B0909 /* ListMovie */;
			targetProxy = 2457E9B7288FBE9B001B0909 /* PBXContainerItemProxy */;
		};
/* End PBXTargetDependency section */

/* Begin XCBuildConfiguration section */
		2457E9BE288FBE9B001B0909 /* Debug */ = {
			isa = XCBuildConfiguration;
			buildSettings = {
				ALWAYS_SEARCH_USER_PATHS = NO;
				CLANG_ANALYZER_NONNULL = YES;
				CLANG_ANALYZER_NUMBER_OBJECT_CONVERSION = YES_AGGRESSIVE;
				CLANG_CXX_LANGUAGE_STANDARD = "gnu++17";
				CLANG_ENABLE_MODULES = YES;
				CLANG_ENABLE_OBJC_ARC = YES;
				CLANG_ENABLE_OBJC_WEAK = YES;
				CLANG_WARN_BLOCK_CAPTURE_AUTORELEASING = YES;
				CLANG_WARN_BOOL_CONVERSION = YES;
				CLANG_WARN_COMMA = YES;
				CLANG_WARN_CONSTANT_CONVERSION = YES;
				CLANG_WARN_DEPRECATED_OBJC_IMPLEMENTATIONS = YES;
				CLANG_WARN_DIRECT_OBJC_ISA_USAGE = YES_ERROR;
				CLANG_WARN_DOCUMENTATION_COMMENTS = YES;
				CLANG_WARN_EMPTY_BODY = YES;
				CLANG_WARN_ENUM_CONVERSION = YES;
				CLANG_WARN_INFINITE_RECURSION = YES;
				CLANG_WARN_INT_CONVERSION = YES;
				CLANG_WARN_NON_LITERAL_NULL_CONVERSION = YES;
				CLANG_WARN_OBJC_IMPLICIT_RETAIN_SELF = YES;
				CLANG_WARN_OBJC_LITERAL_CONVERSION = YES;
				CLANG_WARN_OBJC_ROOT_CLASS = YES_ERROR;
				CLANG_WARN_QUOTED_INCLUDE_IN_FRAMEWORK_HEADER = YES;
				CLANG_WARN_RANGE_LOOP_ANALYSIS = YES;
				CLANG_WARN_STRICT_PROTOTYPES = YES;
				CLANG_WARN_SUSPICIOUS_MOVE = YES;
				CLANG_WARN_UNGUARDED_AVAILABILITY = YES_AGGRESSIVE;
				CLANG_WARN_UNREACHABLE_CODE = YES;
				CLANG_WARN__DUPLICATE_METHOD_MATCH = YES;
				COPY_PHASE_STRIP = NO;
				DEBUG_INFORMATION_FORMAT = dwarf;
				ENABLE_STRICT_OBJC_MSGSEND = YES;
				ENABLE_TESTABILITY = YES;
				GCC_C_LANGUAGE_STANDARD = gnu11;
				GCC_DYNAMIC_NO_PIC = NO;
				GCC_NO_COMMON_BLOCKS = YES;
				GCC_OPTIMIZATION_LEVEL = 0;
				GCC_PREPROCESSOR_DEFINITIONS = (
					"DEBUG=1",
					"$(inherited)",
				);
				GCC_WARN_64_TO_32_BIT_CONVERSION = YES;
				GCC_WARN_ABOUT_RETURN_TYPE = YES_ERROR;
				GCC_WARN_UNDECLARED_SELECTOR = YES;
				GCC_WARN_UNINITIALIZED_AUTOS = YES_AGGRESSIVE;
				GCC_WARN_UNUSED_FUNCTION = YES;
				GCC_WARN_UNUSED_VARIABLE = YES;
				IPHONEOS_DEPLOYMENT_TARGET = 15.5;
				MTL_ENABLE_DEBUG_INFO = INCLUDE_SOURCE;
				MTL_FAST_MATH = YES;
				ONLY_ACTIVE_ARCH = YES;
				SDKROOT = iphoneos;
				SWIFT_ACTIVE_COMPILATION_CONDITIONS = DEBUG;
				SWIFT_OPTIMIZATION_LEVEL = "-Onone";
			};
			name = Debug;
		};
		2457E9BF288FBE9B001B0909 /* Release */ = {
			isa = XCBuildConfiguration;
			buildSettings = {
				ALWAYS_SEARCH_USER_PATHS = NO;
				CLANG_ANALYZER_NONNULL = YES;
				CLANG_ANALYZER_NUMBER_OBJECT_CONVERSION = YES_AGGRESSIVE;
				CLANG_CXX_LANGUAGE_STANDARD = "gnu++17";
				CLANG_ENABLE_MODULES = YES;
				CLANG_ENABLE_OBJC_ARC = YES;
				CLANG_ENABLE_OBJC_WEAK = YES;
				CLANG_WARN_BLOCK_CAPTURE_AUTORELEASING = YES;
				CLANG_WARN_BOOL_CONVERSION = YES;
				CLANG_WARN_COMMA = YES;
				CLANG_WARN_CONSTANT_CONVERSION = YES;
				CLANG_WARN_DEPRECATED_OBJC_IMPLEMENTATIONS = YES;
				CLANG_WARN_DIRECT_OBJC_ISA_USAGE = YES_ERROR;
				CLANG_WARN_DOCUMENTATION_COMMENTS = YES;
				CLANG_WARN_EMPTY_BODY = YES;
				CLANG_WARN_ENUM_CONVERSION = YES;
				CLANG_WARN_INFINITE_RECURSION = YES;
				CLANG_WARN_INT_CONVERSION = YES;
				CLANG_WARN_NON_LITERAL_NULL_CONVERSION = YES;
				CLANG_WARN_OBJC_IMPLICIT_RETAIN_SELF = YES;
				CLANG_WARN_OBJC_LITERAL_CONVERSION = YES;
				CLANG_WARN_OBJC_ROOT_CLASS = YES_ERROR;
				CLANG_WARN_QUOTED_INCLUDE_IN_FRAMEWORK_HEADER = YES;
				CLANG_WARN_RANGE_LOOP_ANALYSIS = YES;
				CLANG_WARN_STRICT_PROTOTYPES = YES;
				CLANG_WARN_SUSPICIOUS_MOVE = YES;
				CLANG_WARN_UNGUARDED_AVAILABILITY = YES_AGGRESSIVE;
				CLANG_WARN_UNREACHABLE_CODE = YES;
				CLANG_WARN__DUPLICATE_METHOD_MATCH = YES;
				COPY_PHASE_STRIP = NO;
				DEBUG_INFORMATION_FORMAT = "dwarf-with-dsym";
				ENABLE_NS_ASSERTIONS = NO;
				ENABLE_STRICT_OBJC_MSGSEND = YES;
				GCC_C_LANGUAGE_STANDARD = gnu11;
				GCC_NO_COMMON_BLOCKS = YES;
				GCC_WARN_64_TO_32_BIT_CONVERSION = YES;
				GCC_WARN_ABOUT_RETURN_TYPE = YES_ERROR;
				GCC_WARN_UNDECLARED_SELECTOR = YES;
				GCC_WARN_UNINITIALIZED_AUTOS = YES_AGGRESSIVE;
				GCC_WARN_UNUSED_FUNCTION = YES;
				GCC_WARN_UNUSED_VARIABLE = YES;
				IPHONEOS_DEPLOYMENT_TARGET = 15.5;
				MTL_ENABLE_DEBUG_INFO = NO;
				MTL_FAST_MATH = YES;
				SDKROOT = iphoneos;
				SWIFT_COMPILATION_MODE = wholemodule;
				SWIFT_OPTIMIZATION_LEVEL = "-O";
				VALIDATE_PRODUCT = YES;
			};
			name = Release;
		};
		2457E9C1288FBE9B001B0909 /* Debug */ = {
			isa = XCBuildConfiguration;
			buildSettings = {
				ASSETCATALOG_COMPILER_APPICON_NAME = AppIcon;
				ASSETCATALOG_COMPILER_GLOBAL_ACCENT_COLOR_NAME = AccentColor;
				CODE_SIGN_STYLE = Automatic;
				CURRENT_PROJECT_VERSION = 1;
				DEVELOPMENT_ASSET_PATHS = "\"ListMovie/Preview Content\"";
				DEVELOPMENT_TEAM = JDJ9QB4MRD;
				ENABLE_PREVIEWS = YES;
				GENERATE_INFOPLIST_FILE = YES;
				INFOPLIST_KEY_UIApplicationSceneManifest_Generation = YES;
				INFOPLIST_KEY_UIApplicationSupportsIndirectInputEvents = YES;
				INFOPLIST_KEY_UILaunchScreen_Generation = YES;
				INFOPLIST_KEY_UISupportedInterfaceOrientations_iPad = "UIInterfaceOrientationPortrait UIInterfaceOrientationPortraitUpsideDown UIInterfaceOrientationLandscapeLeft UIInterfaceOrientationLandscapeRight";
				INFOPLIST_KEY_UISupportedInterfaceOrientations_iPhone = "UIInterfaceOrientationPortrait UIInterfaceOrientationLandscapeLeft UIInterfaceOrientationLandscapeRight";
				LD_RUNPATH_SEARCH_PATHS = (
					"$(inherited)",
					"@executable_path/Frameworks",
				);
				MARKETING_VERSION = 1.0;
				PRODUCT_BUNDLE_IDENTIFIER = "rikkei-test.ListMovie";
				PRODUCT_NAME = "$(TARGET_NAME)";
				SWIFT_EMIT_LOC_STRINGS = YES;
				SWIFT_VERSION = 5.0;
				TARGETED_DEVICE_FAMILY = "1,2";
			};
			name = Debug;
		};
		2457E9C2288FBE9B001B0909 /* Release */ = {
			isa = XCBuildConfiguration;
			buildSettings = {
				ASSETCATALOG_COMPILER_APPICON_NAME = AppIcon;
				ASSETCATALOG_COMPILER_GLOBAL_ACCENT_COLOR_NAME = AccentColor;
				CODE_SIGN_STYLE = Automatic;
				CURRENT_PROJECT_VERSION = 1;
				DEVELOPMENT_ASSET_PATHS = "\"ListMovie/Preview Content\"";
				DEVELOPMENT_TEAM = JDJ9QB4MRD;
				ENABLE_PREVIEWS = YES;
				GENERATE_INFOPLIST_FILE = YES;
				INFOPLIST_KEY_UIApplicationSceneManifest_Generation = YES;
				INFOPLIST_KEY_UIApplicationSupportsIndirectInputEvents = YES;
				INFOPLIST_KEY_UILaunchScreen_Generation = YES;
				INFOPLIST_KEY_UISupportedInterfaceOrientations_iPad = "UIInterfaceOrientationPortrait UIInterfaceOrientationPortraitUpsideDown UIInterfaceOrientationLandscapeLeft UIInterfaceOrientationLandscapeRight";
				INFOPLIST_KEY_UISupportedInterfaceOrientations_iPhone = "UIInterfaceOrientationPortrait UIInterfaceOrientationLandscapeLeft UIInterfaceOrientationLandscapeRight";
				LD_RUNPATH_SEARCH_PATHS = (
					"$(inherited)",
					"@executable_path/Frameworks",
				);
				MARKETING_VERSION = 1.0;
				PRODUCT_BUNDLE_IDENTIFIER = "rikkei-test.ListMovie";
				PRODUCT_NAME = "$(TARGET_NAME)";
				SWIFT_EMIT_LOC_STRINGS = YES;
				SWIFT_VERSION = 5.0;
				TARGETED_DEVICE_FAMILY = "1,2";
			};
			name = Release;
		};
		2457E9C4288FBE9B001B0909 /* Debug */ = {
			isa = XCBuildConfiguration;
			buildSettings = {
				ALWAYS_EMBED_SWIFT_STANDARD_LIBRARIES = YES;
				BUNDLE_LOADER = "$(TEST_HOST)";
				CODE_SIGN_STYLE = Automatic;
				CURRENT_PROJECT_VERSION = 1;
				DEVELOPMENT_TEAM = JDJ9QB4MRD;
				GENERATE_INFOPLIST_FILE = YES;
				IPHONEOS_DEPLOYMENT_TARGET = 15.5;
				MARKETING_VERSION = 1.0;
				PRODUCT_BUNDLE_IDENTIFIER = "rikkei-test.ListMovieTests";
				PRODUCT_NAME = "$(TARGET_NAME)";
				SWIFT_EMIT_LOC_STRINGS = NO;
				SWIFT_VERSION = 5.0;
				TARGETED_DEVICE_FAMILY = "1,2";
				TEST_HOST = "$(BUILT_PRODUCTS_DIR)/ListMovie.app/ListMovie";
			};
			name = Debug;
		};
		2457E9C5288FBE9B001B0909 /* Release */ = {
			isa = XCBuildConfiguration;
			buildSettings = {
				ALWAYS_EMBED_SWIFT_STANDARD_LIBRARIES = YES;
				BUNDLE_LOADER = "$(TEST_HOST)";
				CODE_SIGN_STYLE = Automatic;
				CURRENT_PROJECT_VERSION = 1;
				DEVELOPMENT_TEAM = JDJ9QB4MRD;
				GENERATE_INFOPLIST_FILE = YES;
				IPHONEOS_DEPLOYMENT_TARGET = 15.5;
				MARKETING_VERSION = 1.0;
				PRODUCT_BUNDLE_IDENTIFIER = "rikkei-test.ListMovieTests";
				PRODUCT_NAME = "$(TARGET_NAME)";
				SWIFT_EMIT_LOC_STRINGS = NO;
				SWIFT_VERSION = 5.0;
				TARGETED_DEVICE_FAMILY = "1,2";
				TEST_HOST = "$(BUILT_PRODUCTS_DIR)/ListMovie.app/ListMovie";
			};
			name = Release;
		};
		2457E9C7288FBE9B001B0909 /* Debug */ = {
			isa = XCBuildConfiguration;
			buildSettings = {
				ALWAYS_EMBED_SWIFT_STANDARD_LIBRARIES = YES;
				CODE_SIGN_STYLE = Automatic;
				CURRENT_PROJECT_VERSION = 1;
				DEVELOPMENT_TEAM = JDJ9QB4MRD;
				GENERATE_INFOPLIST_FILE = YES;
				MARKETING_VERSION = 1.0;
				PRODUCT_BUNDLE_IDENTIFIER = "rikkei-test.ListMovieUITests";
				PRODUCT_NAME = "$(TARGET_NAME)";
				SWIFT_EMIT_LOC_STRINGS = NO;
				SWIFT_VERSION = 5.0;
				TARGETED_DEVICE_FAMILY = "1,2";
				TEST_TARGET_NAME = ListMovie;
			};
			name = Debug;
		};
		2457E9C8288FBE9B001B0909 /* Release */ = {
			isa = XCBuildConfiguration;
			buildSettings = {
				ALWAYS_EMBED_SWIFT_STANDARD_LIBRARIES = YES;
				CODE_SIGN_STYLE = Automatic;
				CURRENT_PROJECT_VERSION = 1;
				DEVELOPMENT_TEAM = JDJ9QB4MRD;
				GENERATE_INFOPLIST_FILE = YES;
				MARKETING_VERSION = 1.0;
				PRODUCT_BUNDLE_IDENTIFIER = "rikkei-test.ListMovieUITests";
				PRODUCT_NAME = "$(TARGET_NAME)";
				SWIFT_EMIT_LOC_STRINGS = NO;
				SWIFT_VERSION = 5.0;
				TARGETED_DEVICE_FAMILY = "1,2";
				TEST_TARGET_NAME = ListMovie;
			};
			name = Release;
		};
/* End XCBuildConfiguration section */

/* Begin XCConfigurationList section */
		2457E997288FBE99001B0909 /* Build configuration list for PBXProject "ListMovie" */ = {
			isa = XCConfigurationList;
			buildConfigurations = (
				2457E9BE288FBE9B001B0909 /* Debug */,
				2457E9BF288FBE9B001B0909 /* Release */,
			);
			defaultConfigurationIsVisible = 0;
			defaultConfigurationName = Release;
		};
		2457E9C0288FBE9B001B0909 /* Build configuration list for PBXNativeTarget "ListMovie" */ = {
			isa = XCConfigurationList;
			buildConfigurations = (
				2457E9C1288FBE9B001B0909 /* Debug */,
				2457E9C2288FBE9B001B0909 /* Release */,
			);
			defaultConfigurationIsVisible = 0;
			defaultConfigurationName = Release;
		};
		2457E9C3288FBE9B001B0909 /* Build configuration list for PBXNativeTarget "ListMovieTests" */ = {
			isa = XCConfigurationList;
			buildConfigurations = (
				2457E9C4288FBE9B001B0909 /* Debug */,
				2457E9C5288FBE9B001B0909 /* Release */,
			);
			defaultConfigurationIsVisible = 0;
			defaultConfigurationName = Release;
		};
		2457E9C6288FBE9B001B0909 /* Build configuration list for PBXNativeTarget "ListMovieUITests" */ = {
			isa = XCConfigurationList;
			buildConfigurations = (
				2457E9C7288FBE9B001B0909 /* Debug */,
				2457E9C8288FBE9B001B0909 /* Release */,
			);
			defaultConfigurationIsVisible = 0;
			defaultConfigurationName = Release;
		};
/* End XCConfigurationList section */
	};
	rootObject = 2457E994288FBE99001B0909 /* Project object */;
}
